{
  "name": "vertice-motors",
  "lockfileVersion": 3,
  "requires": true,
  "packages": {
    "": {
      "name": "vertice-motors",
      "dependencies": {
        "three": "0.180.0"
      },
      "devDependencies": {
        "@gltf-transform/core": "^4.5.1",
        "@gltf-transform/extensions": "^4.5.1",
        "draco3dgltf": "^1.5.7"
      }
    },
    "node_modules/@gltf-transform/core": {
      "version": "4.5.1",
      "resolved": "https://registry.npmjs.org/@gltf-transform/core/-/core-4.5.1.tgz",
      "integrity": "sha512-OWgBYssKHKoXMIrMb2N20jXqWRnMP9HdtcTFQBEAJtz4P+OOxx5fozl5eAeK7nktIs5uDE/lu4NbkE5VCZaR9g==",
      "dev": true,
      "license": "MIT",
      "dependencies": {
        "property-graph": "^4.1.0"
      },
      "funding": {
        "url": "https://github.com/sponsors/donmccurdy"
      }
    },
    "node_modules/@gltf-transform/extensions": {
      "version": "4.5.1",
      "resolved": "https://registry.npmjs.org/@gltf-transform/extensions/-/extensions-4.5.1.tgz",
      "integrity": "sha512-3jTe+GWRy4fj1TU790LPsO+rpO/4byUWPTpNkjy6M6h8RvrUivRf12Mptc0770K4ZczibpJDNHXZFkFsFMRDLA==",
      "dev": true,
      "license": "MIT",
      "dependencies": {
        "@gltf-transform/core": "^4.5.1",
        "ktx-parse": "^1.1.0"
      },
      "funding": {
        "url": "https://github.com/sponsors/donmccurdy"
      }
    },
    "node_modules/draco3dgltf": {
      "version": "1.5.7",
      "resolved": "https://registry.npmjs.org/draco3dgltf/-/draco3dgltf-1.5.7.tgz",
      "integrity": "sha512-LeqcpmoHIyYUi0z70/H3tMkGj8QhqVxq6FJGPjlzR24BNkQ6jyMheMvFKJBI0dzGZrEOUyQEmZ8axM1xRrbRiw==",
      "dev": true,
      "license": "Apache-2.0"
    },
    "node_modules/ktx-parse": {
      "version": "1.1.0",
      "resolved": "https://registry.npmjs.org/ktx-parse/-/ktx-parse-1.1.0.tgz",
      "integrity": "sha512-mKp3y+FaYgR7mXWAbyyzpa/r1zDWeaunH+INJO4fou3hb45XuNSwar+7llrRyvpMWafxSIi99RNFJ05MHedaJQ==",
      "dev": true,
      "license": "MIT"
    },
    "node_modules/property-graph": {
      "version": "4.1.0",
      "resolved": "https://registry.npmjs.org/property-graph/-/property-graph-4.1.0.tgz",
      "integrity": "sha512-AvPcP7XECNWy4LGmFQ77k7un4lSKM4eS29PTvW4ck95uYeLxXPWJM7hLuBqK91FaHqCcgJvIUCuNJjjxKE7VKQ==",
      "dev": true,
      "license": "MIT"
    },
    "node_modules/three": {
      "version": "0.180.0",
      "resolved": "https://registry.npmjs.org/three/-/three-0.180.0.tgz",
      "integrity": "sha512-o+qycAMZrh+TsE01GqWUxUIKR1AL0S8pq7zDkYOQw8GqfX8b8VoCKYUoHbhiX5j+7hr8XsuHDVU6+gkQJQKg9w==",
      "license": "MIT"
    }
  }
}
